
Microsoft Visual Studio Solution File, Format Version 12.00
Project("{FAE04EC0-301F-11D3-BF4B-00C04F79EFBC}") = "iOSFakeRun", "iOSFakeRun\iOSFakeRun.csproj", "{3D279562-2957-40B3-B188-8B39003B024B}"
EndProject
Global
	GlobalSection(SolutionConfigurationPlatforms) = preSolution
		Debug|Any CPU = Debug|Any CPU
		Release|Any CPU = Release|Any CPU
	EndGlobalSection
	GlobalSection(ProjectConfigurationPlatforms) = postSolution
		{3D279562-2957-40B3-B188-8B39003B024B}.Debug|Any CPU.ActiveCfg = Debug|Any CPU
		{3D279562-2957-40B3-B188-8B39003B024B}.Debug|Any CPU.Build.0 = Debug|Any CPU
		{3D279562-2957-40B3-B188-8B39003B024B}.Release|Any CPU.ActiveCfg = Release|Any CPU
		{3D279562-2957-40B3-B188-8B39003B024B}.Release|Any CPU.Build.0 = Release|Any CPU
	EndGlobalSection
EndGlobal
